PODS:
  - DocumentScanner (1.0.2)
  - Nimble (7.0.2)
  - Quick (1.2.0)

DEPENDENCIES:
  - DocumentScanner (from `../`)
  - Nimble (~> 7.0.2)
  - Quick (~> 1.2.0)

EXTERNAL SOURCES:
  DocumentScanner:
    :path: ../

SPEC CHECKSUMS:
  DocumentScanner: 0544b374fa21e570dddb5fb46635c84edc03f5a9
  Nimble: bfe1f814edabba69ff145cb1283e04ed636a67f2
  Quick: 58d203b1c5e27fff7229c4c1ae445ad7069a7a08

PODFILE CHECKSUM: d322804764899df2e0c33cc6e904fe0c985bba2b

COCOAPODS: 1.4.0
